
Microsoft Visual Studio Solution File, Format Version 12.00
# Visual Studio Version 17
VisualStudioVersion = 17.6.33829.357
MinimumVisualStudioVersion = 10.0.40219.1
Project("{FAE04EC0-301F-11D3-BF4B-00C04F79EFBC}") = "game_character_2", "game_character_2\game_character_2.csproj", "{6510DF7F-6D34-4D73-A120-1D70DA4DB4CC}"
EndProject
Global
	GlobalSection(SolutionConfigurationPlatforms) = preSolution
		Debug|Any CPU = Debug|Any CPU
		Release|Any CPU = Release|Any CPU
	EndGlobalSection
	GlobalSection(ProjectConfigurationPlatforms) = postSolution
		{6510DF7F-6D34-4D73-A120-1D70DA4DB4CC}.Debug|Any CPU.ActiveCfg = Debug|Any CPU
		{6510DF7F-6D34-4D73-A120-1D70DA4DB4CC}.Debug|Any CPU.Build.0 = Debug|Any CPU
		{6510DF7F-6D34-4D73-A120-1D70DA4DB4CC}.Release|Any CPU.ActiveCfg = Release|Any CPU
		{6510DF7F-6D34-4D73-A120-1D70DA4DB4CC}.Release|Any CPU.Build.0 = Release|Any CPU
	EndGlobalSection
	GlobalSection(SolutionProperties) = preSolution
		HideSolutionNode = FALSE
	EndGlobalSection
	GlobalSection(ExtensibilityGlobals) = postSolution
		SolutionGuid = {3E8CA63D-5146-4EB8-A160-BF29DB24D602}
	EndGlobalSection
EndGlobal
